
Microsoft Visual Studio Solution File, Format Version 12.00
# Visual Studio Version 16
VisualStudioVersion = 16.0.30523.141
MinimumVisualStudioVersion = 10.0.40219.1
Project("{9A19103F-16F7-4668-BE54-9A1E7A4F7556}") = "Audio-Video-Processing", "Lab1\Audio-Video-Processing.csproj", "{5E5D2465-1F0A-4E4A-8563-236A3EAB66E8}"
EndProject
Global
	GlobalSection(SolutionConfigurationPlatforms) = preSolution
		Debug|Any CPU = Debug|Any CPU
		Release|Any CPU = Release|Any CPU
	EndGlobalSection
	GlobalSection(ProjectConfigurationPlatforms) = postSolution
		{5E5D2465-1F0A-4E4A-8563-236A3EAB66E8}.Debug|Any CPU.ActiveCfg = Debug|Any CPU
		{5E5D2465-1F0A-4E4A-8563-236A3EAB66E8}.Debug|Any CPU.Build.0 = Debug|Any CPU
		{5E5D2465-1F0A-4E4A-8563-236A3EAB66E8}.Release|Any CPU.ActiveCfg = Release|Any CPU
		{5E5D2465-1F0A-4E4A-8563-236A3EAB66E8}.Release|Any CPU.Build.0 = Release|Any CPU
	EndGlobalSection
	GlobalSection(SolutionProperties) = preSolution
		HideSolutionNode = FALSE
	EndGlobalSection
	GlobalSection(ExtensibilityGlobals) = postSolution
		SolutionGuid = {74964451-7036-4142-9CE5-321C48B73834}
	EndGlobalSection
EndGlobal
